Microsoft Visual Studio Solution File, Format Version 12.00
# Visual Studio 15
Project("{8BC9CEB8-8B4A-11D0-8D11-00A0C91BC942}") = "ALL_BUILD", "ALL_BUILD.vcxproj", "{963DBF72-8CB3-39F5-90FF-F2A2A97A815C}"
	ProjectSection(ProjectDependencies) = postProject
		{2DFDEFD3-923C-35F5-B0F0-D570B65121C3} = {2DFDEFD3-923C-35F5-B0F0-D570B65121C3}
		{6A9A8444-A396-37B9-B1D5-908EB24E2DF0} = {6A9A8444-A396-37B9-B1D5-908EB24E2DF0}
		{D122C032-DC5D-3DD2-A2B7-E8ECF7A7186A} = {D122C032-DC5D-3DD2-A2B7-E8ECF7A7186A}
	EndProjectSection
EndProject
Project("{8BC9CEB8-8B4A-11D0-8D11-00A0C91BC942}") = "INSTALL", "INSTALL.vcxproj", "{A921AE6C-78C2-322D-9B43-06B36C48809A}"
	ProjectSection(ProjectDependencies) = postProject
		{963DBF72-8CB3-39F5-90FF-F2A2A97A815C} = {963DBF72-8CB3-39F5-90FF-F2A2A97A815C}
		{2DFDEFD3-923C-35F5-B0F0-D570B65121C3} = {2DFDEFD3-923C-35F5-B0F0-D570B65121C3}
	EndProjectSection
EndProject
Project("{8BC9CEB8-8B4A-11D0-8D11-00A0C91BC942}") = "ZERO_CHECK", "..\..\\ZERO_CHECK.vcxproj", "{2DFDEFD3-923C-35F5-B0F0-D570B65121C3}"
	ProjectSection(ProjectDependencies) = postProject
	EndProjectSection
EndProject
Project("{8BC9CEB8-8B4A-11D0-8D11-00A0C91BC942}") = "zlib", "zlib.vcxproj", "{6A9A8444-A396-37B9-B1D5-908EB24E2DF0}"
	ProjectSection(ProjectDependencies) = postProject
		{2DFDEFD3-923C-35F5-B0F0-D570B65121C3} = {2DFDEFD3-923C-35F5-B0F0-D570B65121C3}
	EndProjectSection
EndProject
Project("{8BC9CEB8-8B4A-11D0-8D11-00A0C91BC942}") = "zlibstatic", "zlibstatic.vcxproj", "{D122C032-DC5D-3DD2-A2B7-E8ECF7A7186A}"
	ProjectSection(ProjectDependencies) = postProject
		{2DFDEFD3-923C-35F5-B0F0-D570B65121C3} = {2DFDEFD3-923C-35F5-B0F0-D570B65121C3}
	EndProjectSection
EndProject
Global
	GlobalSection(SolutionConfigurationPlatforms) = preSolution
		Debug|x64 = Debug|x64
		Release|x64 = Release|x64
		MinSizeRel|x64 = MinSizeRel|x64
		RelWithDebInfo|x64 = RelWithDebInfo|x64
	EndGlobalSection
	GlobalSection(ProjectConfigurationPlatforms) = postSolution
		{963DBF72-8CB3-39F5-90FF-F2A2A97A815C}.Debug|x64.ActiveCfg = Debug|x64
		{963DBF72-8CB3-39F5-90FF-F2A2A97A815C}.Debug|x64.Build.0 = Debug|x64
		{963DBF72-8CB3-39F5-90FF-F2A2A97A815C}.Release|x64.ActiveCfg = Release|x64
		{963DBF72-8CB3-39F5-90FF-F2A2A97A815C}.Release|x64.Build.0 = Release|x64
		{963DBF72-8CB3-39F5-90FF-F2A2A97A815C}.MinSizeRel|x64.ActiveCfg = MinSizeRel|x64
		{963DBF72-8CB3-39F5-90FF-F2A2A97A815C}.MinSizeRel|x64.Build.0 = MinSizeRel|x64
		{963DBF72-8CB3-39F5-90FF-F2A2A97A815C}.RelWithDebInfo|x64.ActiveCfg = RelWithDebInfo|x64
		{963DBF72-8CB3-39F5-90FF-F2A2A97A815C}.RelWithDebInfo|x64.Build.0 = RelWithDebInfo|x64
		{A921AE6C-78C2-322D-9B43-06B36C48809A}.Debug|x64.ActiveCfg = Debug|x64
		{A921AE6C-78C2-322D-9B43-06B36C48809A}.Release|x64.ActiveCfg = Release|x64
		{A921AE6C-78C2-322D-9B43-06B36C48809A}.MinSizeRel|x64.ActiveCfg = MinSizeRel|x64
		{A921AE6C-78C2-322D-9B43-06B36C48809A}.RelWithDebInfo|x64.ActiveCfg = RelWithDebInfo|x64
		{2DFDEFD3-923C-35F5-B0F0-D570B65121C3}.Debug|x64.ActiveCfg = Debug|x64
		{2DFDEFD3-923C-35F5-B0F0-D570B65121C3}.Debug|x64.Build.0 = Debug|x64
		{2DFDEFD3-923C-35F5-B0F0-D570B65121C3}.Release|x64.ActiveCfg = Release|x64
		{2DFDEFD3-923C-35F5-B0F0-D570B65121C3}.Release|x64.Build.0 = Release|x64
		{2DFDEFD3-923C-35F5-B0F0-D570B65121C3}.MinSizeRel|x64.ActiveCfg = MinSizeRel|x64
		{2DFDEFD3-923C-35F5-B0F0-D570B65121C3}.MinSizeRel|x64.Build.0 = MinSizeRel|x64
		{2DFDEFD3-923C-35F5-B0F0-D570B65121C3}.RelWithDebInfo|x64.ActiveCfg = RelWithDebInfo|x64
		{2DFDEFD3-923C-35F5-B0F0-D570B65121C3}.RelWithDebInfo|x64.Build.0 = RelWithDebInfo|x64
		{6A9A8444-A396-37B9-B1D5-908EB24E2DF0}.Debug|x64.ActiveCfg = Debug|x64
		{6A9A8444-A396-37B9-B1D5-908EB24E2DF0}.Debug|x64.Build.0 = Debug|x64
		{6A9A8444-A396-37B9-B1D5-908EB24E2DF0}.Release|x64.ActiveCfg = Release|x64
		{6A9A8444-A396-37B9-B1D5-908EB24E2DF0}.Release|x64.Build.0 = Release|x64
		{6A9A8444-A396-37B9-B1D5-908EB24E2DF0}.MinSizeRel|x64.ActiveCfg = MinSizeRel|x64
		{6A9A8444-A396-37B9-B1D5-908EB24E2DF0}.MinSizeRel|x64.Build.0 = MinSizeRel|x64
		{6A9A8444-A396-37B9-B1D5-908EB24E2DF0}.RelWithDebInfo|x64.ActiveCfg = RelWithDebInfo|x64
		{6A9A8444-A396-37B9-B1D5-908EB24E2DF0}.RelWithDebInfo|x64.Build.0 = RelWithDebInfo|x64
		{D122C032-DC5D-3DD2-A2B7-E8ECF7A7186A}.Debug|x64.ActiveCfg = Debug|x64
		{D122C032-DC5D-3DD2-A2B7-E8ECF7A7186A}.Debug|x64.Build.0 = Debug|x64
		{D122C032-DC5D-3DD2-A2B7-E8ECF7A7186A}.Release|x64.ActiveCfg = Release|x64
		{D122C032-DC5D-3DD2-A2B7-E8ECF7A7186A}.Release|x64.Build.0 = Release|x64
		{D122C032-DC5D-3DD2-A2B7-E8ECF7A7186A}.MinSizeRel|x64.ActiveCfg = MinSizeRel|x64
		{D122C032-DC5D-3DD2-A2B7-E8ECF7A7186A}.MinSizeRel|x64.Build.0 = MinSizeRel|x64
		{D122C032-DC5D-3DD2-A2B7-E8ECF7A7186A}.RelWithDebInfo|x64.ActiveCfg = RelWithDebInfo|x64
		{D122C032-DC5D-3DD2-A2B7-E8ECF7A7186A}.RelWithDebInfo|x64.Build.0 = RelWithDebInfo|x64
	EndGlobalSection
	GlobalSection(ExtensibilityGlobals) = postSolution
		SolutionGuid = {859875E0-37DC-3240-A870-14E582176011}
	EndGlobalSection
	GlobalSection(ExtensibilityAddIns) = postSolution
	EndGlobalSection
EndGlobal
